
Microsoft Visual Studio Solution File, Format Version 12.00
# Visual Studio Version 17
VisualStudioVersion = 17.8.34322.80
MinimumVisualStudioVersion = 10.0.40219.1
Project("{FAE04EC0-301F-11D3-BF4B-00C04F79EFBC}") = "Zaposlenici - Firme - Radno vrijeme klase", "Zaposlenici - Firme - Radno vrijeme klase\Zaposlenici - Firme - Radno vrijeme klase.csproj", "{D3065212-50A0-4AE4-B239-B4157D7978AE}"
EndProject
Global
	GlobalSection(SolutionConfigurationPlatforms) = preSolution
		Debug|Any CPU = Debug|Any CPU
		Release|Any CPU = Release|Any CPU
	EndGlobalSection
	GlobalSection(ProjectConfigurationPlatforms) = postSolution
		{D3065212-50A0-4AE4-B239-B4157D7978AE}.Debug|Any CPU.ActiveCfg = Debug|Any CPU
		{D3065212-50A0-4AE4-B239-B4157D7978AE}.Debug|Any CPU.Build.0 = Debug|Any CPU
		{D3065212-50A0-4AE4-B239-B4157D7978AE}.Release|Any CPU.ActiveCfg = Release|Any CPU
		{D3065212-50A0-4AE4-B239-B4157D7978AE}.Release|Any CPU.Build.0 = Release|Any CPU
	EndGlobalSection
	GlobalSection(SolutionProperties) = preSolution
		HideSolutionNode = FALSE
	EndGlobalSection
	GlobalSection(ExtensibilityGlobals) = postSolution
		SolutionGuid = {A333C20C-66C3-40BE-9354-5F0EFEA64809}
	EndGlobalSection
EndGlobal
